
Microsoft Visual Studio Solution File, Format Version 12.00
# Visual Studio Version 16
VisualStudioVersion = 16.0.29613.14
MinimumVisualStudioVersion = 10.0.40219.1
Project("{FAE04EC0-301F-11D3-BF4B-00C04F79EFBC}") = "CountingCharacters", "CountingCharacters\CountingCharacters.csproj", "{48A72B66-E9DC-49C0-B7FC-A2FCD8783FEB}"
EndProject
Global
	GlobalSection(SolutionConfigurationPlatforms) = preSolution
		Debug|Any CPU = Debug|Any CPU
		Release|Any CPU = Release|Any CPU
	EndGlobalSection
	GlobalSection(ProjectConfigurationPlatforms) = postSolution
		{48A72B66-E9DC-49C0-B7FC-A2FCD8783FEB}.Debug|Any CPU.ActiveCfg = Debug|Any CPU
		{48A72B66-E9DC-49C0-B7FC-A2FCD8783FEB}.Debug|Any CPU.Build.0 = Debug|Any CPU
		{48A72B66-E9DC-49C0-B7FC-A2FCD8783FEB}.Release|Any CPU.ActiveCfg = Release|Any CPU
		{48A72B66-E9DC-49C0-B7FC-A2FCD8783FEB}.Release|Any CPU.Build.0 = Release|Any CPU
	EndGlobalSection
	GlobalSection(SolutionProperties) = preSolution
		HideSolutionNode = FALSE
	EndGlobalSection
	GlobalSection(ExtensibilityGlobals) = postSolution
		SolutionGuid = {DA5163C3-5218-4F70-8BF9-C2B5A3823F86}
	EndGlobalSection
EndGlobal
