
Microsoft Visual Studio Solution File, Format Version 12.00
# Visual Studio Version 16
VisualStudioVersion = 16.0.29613.14
MinimumVisualStudioVersion = 10.0.40219.1
Project("{FAE04EC0-301F-11D3-BF4B-00C04F79EFBC}") = "HelloWorld", "HelloWorld\HelloWorld.csproj", "{A49347A6-6498-4A53-91AB-05BAC2A5ACEB}"
EndProject
Global
	GlobalSection(SolutionConfigurationPlatforms) = preSolution
		Debug|Any CPU = Debug|Any CPU
		Release|Any CPU = Release|Any CPU
	EndGlobalSection
	GlobalSection(ProjectConfigurationPlatforms) = postSolution
		{A49347A6-6498-4A53-91AB-05BAC2A5ACEB}.Debug|Any CPU.ActiveCfg = Debug|Any CPU
		{A49347A6-6498-4A53-91AB-05BAC2A5ACEB}.Debug|Any CPU.Build.0 = Debug|Any CPU
		{A49347A6-6498-4A53-91AB-05BAC2A5ACEB}.Release|Any CPU.ActiveCfg = Release|Any CPU
		{A49347A6-6498-4A53-91AB-05BAC2A5ACEB}.Release|Any CPU.Build.0 = Release|Any CPU
	EndGlobalSection
	GlobalSection(SolutionProperties) = preSolution
		HideSolutionNode = FALSE
	EndGlobalSection
	GlobalSection(ExtensibilityGlobals) = postSolution
		SolutionGuid = {48F12DDC-65FC-4E5C-A795-F53DEB9D3195}
	EndGlobalSection
EndGlobal
