
Microsoft Visual Studio Solution File, Format Version 12.00
# Visual Studio Version 16
VisualStudioVersion = 16.0.29613.14
MinimumVisualStudioVersion = 10.0.40219.1
Project("{FAE04EC0-301F-11D3-BF4B-00C04F79EFBC}") = "List", "List\List.csproj", "{3EBA5E5A-6DC8-4F44-9089-FCF0D4D17105}"
EndProject
Global
	GlobalSection(SolutionConfigurationPlatforms) = preSolution
		Debug|Any CPU = Debug|Any CPU
		Release|Any CPU = Release|Any CPU
	EndGlobalSection
	GlobalSection(ProjectConfigurationPlatforms) = postSolution
		{3EBA5E5A-6DC8-4F44-9089-FCF0D4D17105}.Debug|Any CPU.ActiveCfg = Debug|Any CPU
		{3EBA5E5A-6DC8-4F44-9089-FCF0D4D17105}.Debug|Any CPU.Build.0 = Debug|Any CPU
		{3EBA5E5A-6DC8-4F44-9089-FCF0D4D17105}.Release|Any CPU.ActiveCfg = Release|Any CPU
		{3EBA5E5A-6DC8-4F44-9089-FCF0D4D17105}.Release|Any CPU.Build.0 = Release|Any CPU
	EndGlobalSection
	GlobalSection(SolutionProperties) = preSolution
		HideSolutionNode = FALSE
	EndGlobalSection
	GlobalSection(ExtensibilityGlobals) = postSolution
		SolutionGuid = {3E2474A4-F441-4063-981B-3B098170B9AB}
	EndGlobalSection
EndGlobal
